
Microsoft Visual Studio Solution File, Format Version 12.00
# Visual Studio Version 17
VisualStudioVersion = 17.14.36203.30 d17.14
MinimumVisualStudioVersion = 10.0.40219.1
Project("{FAE04EC0-301F-11D3-BF4B-00C04F79EFBC}") = "CLIFileStatistics", "CLIFileStatistics\CLIFileStatistics.csproj", "{09556F32-CEA0-45A9-93B7-DE00CD8209B7}"
EndProject
Global
	GlobalSection(SolutionConfigurationPlatforms) = preSolution
		Debug|Any CPU = Debug|Any CPU
		Release|Any CPU = Release|Any CPU
	EndGlobalSection
	GlobalSection(ProjectConfigurationPlatforms) = postSolution
		{09556F32-CEA0-45A9-93B7-DE00CD8209B7}.Debug|Any CPU.ActiveCfg = Debug|Any CPU
		{09556F32-CEA0-45A9-93B7-DE00CD8209B7}.Debug|Any CPU.Build.0 = Debug|Any CPU
		{09556F32-CEA0-45A9-93B7-DE00CD8209B7}.Release|Any CPU.ActiveCfg = Release|Any CPU
		{09556F32-CEA0-45A9-93B7-DE00CD8209B7}.Release|Any CPU.Build.0 = Release|Any CPU
	EndGlobalSection
	GlobalSection(SolutionProperties) = preSolution
		HideSolutionNode = FALSE
	EndGlobalSection
	GlobalSection(ExtensibilityGlobals) = postSolution
		SolutionGuid = {FF63DF69-3A41-40B0-A9E4-C346F1D22C1B}
	EndGlobalSection
EndGlobal
